{
  "pins" : [
    {
      "identity" : "mnemonicswift",
      "kind" : "remoteSourceControl",
      "location" : "https://github.com/Electric-Coin-Company/MnemonicSwift.git",
      "state" : {
        "revision" : "716a2c32ac2bbd8a1499ac834077df42b75edc85",
        "version" : "2.2.4"
      }
    },
    {
      "identity" : "swift-crypto",
      "kind" : "remoteSourceControl",
      "location" : "https://github.com/apple/swift-crypto.git",
      "state" : {
        "revision" : "60f13f60c4d093691934dc6cfdf5f508ada1f894",
        "version" : "2.6.0"
      }
    }
  ],
  "version" : 2
}
